
Microsoft Visual Studio Solution File, Format Version 12.00
# Visual Studio Version 17
VisualStudioVersion = 17.3.32901.215
MinimumVisualStudioVersion = 10.0.40219.1
Project("{8BC9CEB8-8B4A-11D0-8D11-00A0C91BC942}") = "RemoteControl.IO", "RemoteControl.IO\RemoteControl.Input.vcxproj", "{7DE87AB4-082F-465F-A41D-DB3FB30E4529}"
EndProject
Project("{8BC9CEB8-8B4A-11D0-8D11-00A0C91BC942}") = "RemoteControl.Encoding", "RemoteControl.Encoding\RemoteControl.Compressing.vcxproj", "{3EF40796-94D6-45B8-AC03-F465C5C72301}"
EndProject
Project("{8BC9CEB8-8B4A-11D0-8D11-00A0C91BC942}") = "RemoteControl.Core", "RemoteControl.Core\RemoteControl.Core.vcxproj", "{01BEA466-98A5-46AA-9D91-E53FE3E0EB58}"
EndProject
Project("{9A19103F-16F7-4668-BE54-9A1E7A4F7556}") = "RemoteControl.Client.UI", "RemoteControl.Client.UI\RemoteControl.Client.UI.csproj", "{5E047D04-44AA-4F72-9EB4-8423D192D33F}"
EndProject
Project("{9A19103F-16F7-4668-BE54-9A1E7A4F7556}") = "RemoteControl.Server.UI", "RemoteControl.Server.UI\RemoteControl.Server.UI.csproj", "{E0C4100B-A6F4-488B-AAEE-618CBC26EB01}"
EndProject
Project("{9A19103F-16F7-4668-BE54-9A1E7A4F7556}") = "RemoteControl.Client", "RemoteControl.Client\RemoteControl.Client.csproj", "{D61D6E01-A58C-4CF0-8717-BF8BE856761B}"
EndProject
Project("{9A19103F-16F7-4668-BE54-9A1E7A4F7556}") = "RemoteControl.Server", "RemoteControl.Server\RemoteControl.Server.csproj", "{541C4E33-917E-4899-846F-D25364B18823}"
EndProject
Project("{8BC9CEB8-8B4A-11D0-8D11-00A0C91BC942}") = "RemoteControl.Security", "RemoteControl.Security\RemoteControl.Security.vcxproj", "{58B9E277-75C6-40EA-8E9E-C10DA8A63FC2}"
EndProject
Project("{8BC9CEB8-8B4A-11D0-8D11-00A0C91BC942}") = "RemoteControl.Client.Core", "RemoteControl.Client.Core\RemoteControl.Client.Core.vcxproj", "{F87273AF-E4C9-457E-8416-2A86426650D3}"
EndProject
Global
	GlobalSection(SolutionConfigurationPlatforms) = preSolution
		Debug|Any CPU = Debug|Any CPU
		Debug|x64 = Debug|x64
		Debug|x86 = Debug|x86
		Release|Any CPU = Release|Any CPU
		Release|x64 = Release|x64
		Release|x86 = Release|x86
	EndGlobalSection
	GlobalSection(ProjectConfigurationPlatforms) = postSolution
		{7DE87AB4-082F-465F-A41D-DB3FB30E4529}.Debug|Any CPU.ActiveCfg = Debug|x64
		{7DE87AB4-082F-465F-A41D-DB3FB30E4529}.Debug|Any CPU.Build.0 = Debug|x64
		{7DE87AB4-082F-465F-A41D-DB3FB30E4529}.Debug|x64.ActiveCfg = Debug|x64
		{7DE87AB4-082F-465F-A41D-DB3FB30E4529}.Debug|x64.Build.0 = Debug|x64
		{7DE87AB4-082F-465F-A41D-DB3FB30E4529}.Debug|x86.ActiveCfg = Debug|Win32
		{7DE87AB4-082F-465F-A41D-DB3FB30E4529}.Debug|x86.Build.0 = Debug|Win32
		{7DE87AB4-082F-465F-A41D-DB3FB30E4529}.Release|Any CPU.ActiveCfg = Release|x64
		{7DE87AB4-082F-465F-A41D-DB3FB30E4529}.Release|Any CPU.Build.0 = Release|x64
		{7DE87AB4-082F-465F-A41D-DB3FB30E4529}.Release|x64.ActiveCfg = Release|x64
		{7DE87AB4-082F-465F-A41D-DB3FB30E4529}.Release|x64.Build.0 = Release|x64
		{7DE87AB4-082F-465F-A41D-DB3FB30E4529}.Release|x86.ActiveCfg = Release|Win32
		{7DE87AB4-082F-465F-A41D-DB3FB30E4529}.Release|x86.Build.0 = Release|Win32
		{3EF40796-94D6-45B8-AC03-F465C5C72301}.Debug|Any CPU.ActiveCfg = Debug|x64
		{3EF40796-94D6-45B8-AC03-F465C5C72301}.Debug|Any CPU.Build.0 = Debug|x64
		{3EF40796-94D6-45B8-AC03-F465C5C72301}.Debug|x64.ActiveCfg = Debug|x64
		{3EF40796-94D6-45B8-AC03-F465C5C72301}.Debug|x64.Build.0 = Debug|x64
		{3EF40796-94D6-45B8-AC03-F465C5C72301}.Debug|x86.ActiveCfg = Debug|Win32
		{3EF40796-94D6-45B8-AC03-F465C5C72301}.Debug|x86.Build.0 = Debug|Win32
		{3EF40796-94D6-45B8-AC03-F465C5C72301}.Release|Any CPU.ActiveCfg = Release|x64
		{3EF40796-94D6-45B8-AC03-F465C5C72301}.Release|Any CPU.Build.0 = Release|x64
		{3EF40796-94D6-45B8-AC03-F465C5C72301}.Release|x64.ActiveCfg = Release|x64
		{3EF40796-94D6-45B8-AC03-F465C5C72301}.Release|x64.Build.0 = Release|x64
		{3EF40796-94D6-45B8-AC03-F465C5C72301}.Release|x86.ActiveCfg = Release|Win32
		{3EF40796-94D6-45B8-AC03-F465C5C72301}.Release|x86.Build.0 = Release|Win32
		{01BEA466-98A5-46AA-9D91-E53FE3E0EB58}.Debug|Any CPU.ActiveCfg = Debug|x64
		{01BEA466-98A5-46AA-9D91-E53FE3E0EB58}.Debug|Any CPU.Build.0 = Debug|x64
		{01BEA466-98A5-46AA-9D91-E53FE3E0EB58}.Debug|x64.ActiveCfg = Debug|x64
		{01BEA466-98A5-46AA-9D91-E53FE3E0EB58}.Debug|x64.Build.0 = Debug|x64
		{01BEA466-98A5-46AA-9D91-E53FE3E0EB58}.Debug|x86.ActiveCfg = Debug|Win32
		{01BEA466-98A5-46AA-9D91-E53FE3E0EB58}.Debug|x86.Build.0 = Debug|Win32
		{01BEA466-98A5-46AA-9D91-E53FE3E0EB58}.Release|Any CPU.ActiveCfg = Release|x64
		{01BEA466-98A5-46AA-9D91-E53FE3E0EB58}.Release|Any CPU.Build.0 = Release|x64
		{01BEA466-98A5-46AA-9D91-E53FE3E0EB58}.Release|x64.ActiveCfg = Release|x64
		{01BEA466-98A5-46AA-9D91-E53FE3E0EB58}.Release|x64.Build.0 = Release|x64
		{01BEA466-98A5-46AA-9D91-E53FE3E0EB58}.Release|x86.ActiveCfg = Release|Win32
		{01BEA466-98A5-46AA-9D91-E53FE3E0EB58}.Release|x86.Build.0 = Release|Win32
		{5E047D04-44AA-4F72-9EB4-8423D192D33F}.Debug|Any CPU.ActiveCfg = Debug|Any CPU
		{5E047D04-44AA-4F72-9EB4-8423D192D33F}.Debug|Any CPU.Build.0 = Debug|Any CPU
		{5E047D04-44AA-4F72-9EB4-8423D192D33F}.Debug|x64.ActiveCfg = Debug|Any CPU
		{5E047D04-44AA-4F72-9EB4-8423D192D33F}.Debug|x64.Build.0 = Debug|Any CPU
		{5E047D04-44AA-4F72-9EB4-8423D192D33F}.Debug|x86.ActiveCfg = Debug|Any CPU
		{5E047D04-44AA-4F72-9EB4-8423D192D33F}.Debug|x86.Build.0 = Debug|Any CPU
		{5E047D04-44AA-4F72-9EB4-8423D192D33F}.Release|Any CPU.ActiveCfg = Release|Any CPU
		{5E047D04-44AA-4F72-9EB4-8423D192D33F}.Release|Any CPU.Build.0 = Release|Any CPU
		{5E047D04-44AA-4F72-9EB4-8423D192D33F}.Release|x64.ActiveCfg = Release|Any CPU
		{5E047D04-44AA-4F72-9EB4-8423D192D33F}.Release|x64.Build.0 = Release|Any CPU
		{5E047D04-44AA-4F72-9EB4-8423D192D33F}.Release|x86.ActiveCfg = Release|Any CPU
		{5E047D04-44AA-4F72-9EB4-8423D192D33F}.Release|x86.Build.0 = Release|Any CPU
		{E0C4100B-A6F4-488B-AAEE-618CBC26EB01}.Debug|Any CPU.ActiveCfg = Debug|Any CPU
		{E0C4100B-A6F4-488B-AAEE-618CBC26EB01}.Debug|Any CPU.Build.0 = Debug|Any CPU
		{E0C4100B-A6F4-488B-AAEE-618CBC26EB01}.Debug|x64.ActiveCfg = Debug|Any CPU
		{E0C4100B-A6F4-488B-AAEE-618CBC26EB01}.Debug|x64.Build.0 = Debug|Any CPU
		{E0C4100B-A6F4-488B-AAEE-618CBC26EB01}.Debug|x86.ActiveCfg = Debug|Any CPU
		{E0C4100B-A6F4-488B-AAEE-618CBC26EB01}.Debug|x86.Build.0 = Debug|Any CPU
		{E0C4100B-A6F4-488B-AAEE-618CBC26EB01}.Release|Any CPU.ActiveCfg = Release|Any CPU
		{E0C4100B-A6F4-488B-AAEE-618CBC26EB01}.Release|Any CPU.Build.0 = Release|Any CPU
		{E0C4100B-A6F4-488B-AAEE-618CBC26EB01}.Release|x64.ActiveCfg = Release|Any CPU
		{E0C4100B-A6F4-488B-AAEE-618CBC26EB01}.Release|x64.Build.0 = Release|Any CPU
		{E0C4100B-A6F4-488B-AAEE-618CBC26EB01}.Release|x86.ActiveCfg = Release|Any CPU
		{E0C4100B-A6F4-488B-AAEE-618CBC26EB01}.Release|x86.Build.0 = Release|Any CPU
		{D61D6E01-A58C-4CF0-8717-BF8BE856761B}.Debug|Any CPU.ActiveCfg = Debug|Any CPU
		{D61D6E01-A58C-4CF0-8717-BF8BE856761B}.Debug|Any CPU.Build.0 = Debug|Any CPU
		{D61D6E01-A58C-4CF0-8717-BF8BE856761B}.Debug|x64.ActiveCfg = Debug|Any CPU
		{D61D6E01-A58C-4CF0-8717-BF8BE856761B}.Debug|x64.Build.0 = Debug|Any CPU
		{D61D6E01-A58C-4CF0-8717-BF8BE856761B}.Debug|x86.ActiveCfg = Debug|Any CPU
		{D61D6E01-A58C-4CF0-8717-BF8BE856761B}.Debug|x86.Build.0 = Debug|Any CPU
		{D61D6E01-A58C-4CF0-8717-BF8BE856761B}.Release|Any CPU.ActiveCfg = Release|Any CPU
		{D61D6E01-A58C-4CF0-8717-BF8BE856761B}.Release|Any CPU.Build.0 = Release|Any CPU
		{D61D6E01-A58C-4CF0-8717-BF8BE856761B}.Release|x64.ActiveCfg = Release|Any CPU
		{D61D6E01-A58C-4CF0-8717-BF8BE856761B}.Release|x64.Build.0 = Release|Any CPU
		{D61D6E01-A58C-4CF0-8717-BF8BE856761B}.Release|x86.ActiveCfg = Release|Any CPU
		{D61D6E01-A58C-4CF0-8717-BF8BE856761B}.Release|x86.Build.0 = Release|Any CPU
		{541C4E33-917E-4899-846F-D25364B18823}.Debug|Any CPU.ActiveCfg = Debug|Any CPU
		{541C4E33-917E-4899-846F-D25364B18823}.Debug|Any CPU.Build.0 = Debug|Any CPU
		{541C4E33-917E-4899-846F-D25364B18823}.Debug|x64.ActiveCfg = Debug|Any CPU
		{541C4E33-917E-4899-846F-D25364B18823}.Debug|x64.Build.0 = Debug|Any CPU
		{541C4E33-917E-4899-846F-D25364B18823}.Debug|x86.ActiveCfg = Debug|Any CPU
		{541C4E33-917E-4899-846F-D25364B18823}.Debug|x86.Build.0 = Debug|Any CPU
		{541C4E33-917E-4899-846F-D25364B18823}.Release|Any CPU.ActiveCfg = Release|Any CPU
		{541C4E33-917E-4899-846F-D25364B18823}.Release|Any CPU.Build.0 = Release|Any CPU
		{541C4E33-917E-4899-846F-D25364B18823}.Release|x64.ActiveCfg = Release|Any CPU
		{541C4E33-917E-4899-846F-D25364B18823}.Release|x64.Build.0 = Release|Any CPU
		{541C4E33-917E-4899-846F-D25364B18823}.Release|x86.ActiveCfg = Release|Any CPU
		{541C4E33-917E-4899-846F-D25364B18823}.Release|x86.Build.0 = Release|Any CPU
		{58B9E277-75C6-40EA-8E9E-C10DA8A63FC2}.Debug|Any CPU.ActiveCfg = Debug|x64
		{58B9E277-75C6-40EA-8E9E-C10DA8A63FC2}.Debug|Any CPU.Build.0 = Debug|x64
		{58B9E277-75C6-40EA-8E9E-C10DA8A63FC2}.Debug|x64.ActiveCfg = Debug|x64
		{58B9E277-75C6-40EA-8E9E-C10DA8A63FC2}.Debug|x64.Build.0 = Debug|x64
		{58B9E277-75C6-40EA-8E9E-C10DA8A63FC2}.Debug|x86.ActiveCfg = Debug|Win32
		{58B9E277-75C6-40EA-8E9E-C10DA8A63FC2}.Debug|x86.Build.0 = Debug|Win32
		{58B9E277-75C6-40EA-8E9E-C10DA8A63FC2}.Release|Any CPU.ActiveCfg = Release|x64
		{58B9E277-75C6-40EA-8E9E-C10DA8A63FC2}.Release|Any CPU.Build.0 = Release|x64
		{58B9E277-75C6-40EA-8E9E-C10DA8A63FC2}.Release|x64.ActiveCfg = Release|x64
		{58B9E277-75C6-40EA-8E9E-C10DA8A63FC2}.Release|x64.Build.0 = Release|x64
		{58B9E277-75C6-40EA-8E9E-C10DA8A63FC2}.Release|x86.ActiveCfg = Release|Win32
		{58B9E277-75C6-40EA-8E9E-C10DA8A63FC2}.Release|x86.Build.0 = Release|Win32
		{F87273AF-E4C9-457E-8416-2A86426650D3}.Debug|Any CPU.ActiveCfg = Debug|x64
		{F87273AF-E4C9-457E-8416-2A86426650D3}.Debug|Any CPU.Build.0 = Debug|x64
		{F87273AF-E4C9-457E-8416-2A86426650D3}.Debug|x64.ActiveCfg = Debug|x64
		{F87273AF-E4C9-457E-8416-2A86426650D3}.Debug|x64.Build.0 = Debug|x64
		{F87273AF-E4C9-457E-8416-2A86426650D3}.Debug|x86.ActiveCfg = Debug|Win32
		{F87273AF-E4C9-457E-8416-2A86426650D3}.Debug|x86.Build.0 = Debug|Win32
		{F87273AF-E4C9-457E-8416-2A86426650D3}.Release|Any CPU.ActiveCfg = Release|x64
		{F87273AF-E4C9-457E-8416-2A86426650D3}.Release|Any CPU.Build.0 = Release|x64
		{F87273AF-E4C9-457E-8416-2A86426650D3}.Release|x64.ActiveCfg = Release|x64
		{F87273AF-E4C9-457E-8416-2A86426650D3}.Release|x64.Build.0 = Release|x64
		{F87273AF-E4C9-457E-8416-2A86426650D3}.Release|x86.ActiveCfg = Release|Win32
		{F87273AF-E4C9-457E-8416-2A86426650D3}.Release|x86.Build.0 = Release|Win32
	EndGlobalSection
	GlobalSection(SolutionProperties) = preSolution
		HideSolutionNode = FALSE
	EndGlobalSection
	GlobalSection(ExtensibilityGlobals) = postSolution
		SolutionGuid = {4D4A36E5-3902-48F7-847E-60A260BC07BA}
	EndGlobalSection
EndGlobal
